dependencies:
- name: phoenix-helm
  repository: oci://registry-1.docker.io/arizephoenix
  version: 2.0.35
- name: postgresql
  repository: oci://registry-1.docker.io/bitnamichartslegacy
  version: 15.5.2
digest: sha256:25038a5e4b3ee11712280db635d42a2f4f62a63a11cbbe087d3608d5b289ec34
generated: "2025-09-01T18:20:45.386559185+02:00"
